PODS:
  - audioplayers_darwin (0.0.1):
    - Flutter
    - FlutterMacOS
  - file_picker (0.0.1):
    - FlutterMacOS
  - file_selector_macos (0.0.1):
    - FlutterMacOS
  - flutter_libserialport (0.0.1):
    - FlutterMacOS
    - libserialport
  - flutter_tts (0.0.1):
    - FlutterMacOS
  - flutter_zxing (0.0.1):
    - FlutterMacOS
  - FlutterMacOS (1.0.0)
  - libserialport (0.1.1)
  - mobile_scanner (7.0.0):
    - Flutter
    - FlutterMacOS
  - package_info_plus (0.0.1):
    - FlutterMacOS
  - printing (1.0.0):
    - FlutterMacOS
  - record_macos (1.2.1):
    - FlutterMacOS
  - shared_preferences_foundation (0.0.1):
    - Flutter
    - FlutterMacOS
  - sqflite_darwin (0.0.4):
    - Flutter
    - FlutterMacOS
  - sqlite3 (3.52.0):
    - sqlite3/common (= 3.52.0)
  - sqlite3/common (3.52.0)
  - sqlite3/dbstatvtab (3.52.0):
    - sqlite3/common
  - sqlite3/fts5 (3.52.0):
    - sqlite3/common
  - sqlite3/math (3.52.0):
    - sqlite3/common
  - sqlite3/perf-threadsafe (3.52.0):
    - sqlite3/common
  - sqlite3/rtree (3.52.0):
    - sqlite3/common
  - sqlite3/session (3.52.0):
    - sqlite3/common
  - sqlite3_flutter_libs (0.0.1):
    - Flutter
    - FlutterMacOS
    - sqlite3 (~> 3.52.0)
    - sqlite3/dbstatvtab
    - sqlite3/fts5
    - sqlite3/math
    - sqlite3/perf-threadsafe
    - sqlite3/rtree
    - sqlite3/session
  - url_launcher_macos (0.0.1):
    - FlutterMacOS
  - video_player_avfoundation (0.0.1):
    - Flutter
    - FlutterMacOS
  - wakelock_plus (0.0.1):
    - FlutterMacOS

DEPENDENCIES:
  - audioplayers_darwin (from `Flutter/ephemeral/.symlinks/plugins/audioplayers_darwin/darwin`)
  - file_picker (from `Flutter/ephemeral/.symlinks/plugins/file_picker/macos`)
  - file_selector_macos (from `Flutter/ephemeral/.symlinks/plugins/file_selector_macos/macos`)
  - flutter_libserialport (from `Flutter/ephemeral/.symlinks/plugins/flutter_libserialport/macos`)
  - flutter_tts (from `Flutter/ephemeral/.symlinks/plugins/flutter_tts/macos`)
  - flutter_zxing (from `Flutter/ephemeral/.symlinks/plugins/flutter_zxing/macos`)
  - FlutterMacOS (from `Flutter/ephemeral`)
  - mobile_scanner (from `Flutter/ephemeral/.symlinks/plugins/mobile_scanner/darwin`)
  - package_info_plus (from `Flutter/ephemeral/.symlinks/plugins/package_info_plus/macos`)
  - printing (from `Flutter/ephemeral/.symlinks/plugins/printing/macos`)
  - record_macos (from `Flutter/ephemeral/.symlinks/plugins/record_macos/macos`)
  - shared_preferences_foundation (from `Flutter/ephemeral/.symlinks/plugins/shared_preferences_foundation/darwin`)
  - sqflite_darwin (from `Flutter/ephemeral/.symlinks/plugins/sqflite_darwin/darwin`)
  - sqlite3_flutter_libs (from `Flutter/ephemeral/.symlinks/plugins/sqlite3_flutter_libs/darwin`)
  - url_launcher_macos (from `Flutter/ephemeral/.symlinks/plugins/url_launcher_macos/macos`)
  - video_player_avfoundation (from `Flutter/ephemeral/.symlinks/plugins/video_player_avfoundation/darwin`)
  - wakelock_plus (from `Flutter/ephemeral/.symlinks/plugins/wakelock_plus/macos`)

SPEC REPOS:
  trunk:
    - libserialport
    - sqlite3

EXTERNAL SOURCES:
  audioplayers_darwin:
    :path: Flutter/ephemeral/.symlinks/plugins/audioplayers_darwin/darwin
  file_picker:
    :path: Flutter/ephemeral/.symlinks/plugins/file_picker/macos
  file_selector_macos:
    :path: Flutter/ephemeral/.symlinks/plugins/file_selector_macos/macos
  flutter_libserialport:
    :path: Flutter/ephemeral/.symlinks/plugins/flutter_libserialport/macos
  flutter_tts:
    :path: Flutter/ephemeral/.symlinks/plugins/flutter_tts/macos
  flutter_zxing:
    :path: Flutter/ephemeral/.symlinks/plugins/flutter_zxing/macos
  FlutterMacOS:
    :path: Flutter/ephemeral
  mobile_scanner:
    :path: Flutter/ephemeral/.symlinks/plugins/mobile_scanner/darwin
  package_info_plus:
    :path: Flutter/ephemeral/.symlinks/plugins/package_info_plus/macos
  printing:
    :path: Flutter/ephemeral/.symlinks/plugins/printing/macos
  record_macos:
    :path: Flutter/ephemeral/.symlinks/plugins/record_macos/macos
  shared_preferences_foundation:
    :path: Flutter/ephemeral/.symlinks/plugins/shared_preferences_foundation/darwin
  sqflite_darwin:
    :path: Flutter/ephemeral/.symlinks/plugins/sqflite_darwin/darwin
  sqlite3_flutter_libs:
    :path: Flutter/ephemeral/.symlinks/plugins/sqlite3_flutter_libs/darwin
  url_launcher_macos:
    :path: Flutter/ephemeral/.symlinks/plugins/url_launcher_macos/macos
  video_player_avfoundation:
    :path: Flutter/ephemeral/.symlinks/plugins/video_player_avfoundation/darwin
  wakelock_plus:
    :path: Flutter/ephemeral/.symlinks/plugins/wakelock_plus/macos

SPEC CHECKSUMS:
  audioplayers_darwin: 835ced6edd4c9fc8ebb0a7cc9e294a91d99917d5
  file_picker: 7584aae6fa07a041af2b36a2655122d42f578c1a
  file_selector_macos: 9e9e068e90ebee155097d00e89ae91edb2374db7
  flutter_libserialport: 2c523cb8d8203fc6d1b0da88190da31ac970eb93
  flutter_tts: ae915565cc6948444b513acc8ee021993281e027
  flutter_zxing: 91e9d17c79c60860450e8879cced0ec54f6a2601
  FlutterMacOS: d0db08ddef1a9af05a5ec4b724367152bb0500b1
  libserialport: 1cb25e66ef3c92a8e59c2ea3820302c3fa2268cd
  mobile_scanner: 9157936403f5a0644ca3779a38ff8404c5434a93
  package_info_plus: f0052d280d17aa382b932f399edf32507174e870
  printing: c4cf83c78fd684f9bc318e6aadc18972aa48f617
  record_macos: 5d55909f9650314be6424ffd6b123ac75a08c3c1
  shared_preferences_foundation: 7036424c3d8ec98dfe75ff1667cb0cd531ec82bb
  sqflite_darwin: 20b2a3a3b70e43edae938624ce550a3cbf66a3d0
  sqlite3: a51c07cf16e023d6c48abd5e5791a61a47354921
  sqlite3_flutter_libs: b3e120efe9a82017e5552a620f696589ed4f62ab
  url_launcher_macos: f87a979182d112f911de6820aefddaf56ee9fbfd
  video_player_avfoundation: 3453f792138786248960ca029747fcd9f318ef52
  wakelock_plus: 917609be14d812ddd9e9528876538b2263aaa03b

PODFILE CHECKSUM: 54d867c82ac51cbd61b565781b9fada492027009

COCOAPODS: 1.17.0
